<?xml version="1.0" encoding="utf-8"?>
<Project ToolsVersion="4.0" xmlns="http://schemas.microsoft.com/developer/msbuild/2003">
  <ItemGroup>
    <Filter Include="Source Files">
      <UniqueIdentifier>{4FC737F1-C7A5-4376-A066-2A32D752A2FF}</UniqueIdentifier>
      <Extensions>cpp;c;cc;cxx;def;odl;idl;hpj;bat;asm;asmx</Extensions>
    </Filter>
    <Filter Include="Header Files">
      <UniqueIdentifier>{93995380-89BD-4b04-88EB-625FBE52EBFB}</UniqueIdentifier>
      <Extensions>h;hh;hpp;hxx;hm;inl;inc;ipp;xsd</Extensions>
    </Filter>
    <Filter Include="Resource Files">
      <UniqueIdentifier>{67DA6AB6-F800-4c08-8B7A-83BB121AAD01}</UniqueIdentifier>
      <Extensions>rc;ico;cur;bmp;dlg;rc2;rct;bin;rgs;gif;jpg;jpeg;jpe;resx;tiff;tif;png;wav;mfcribbon-ms</Extensions>
    </Filter>
  </ItemGroup>
  <ItemGroup>
    <ClCompile Include="..\libs\glad\src\glad.c">
      <Filter>Source Files</Filter>
    </ClCompile>
    <ClCompile Include="assets\asset.cpp">
      <Filter>Source Files</Filter>
    </ClCompile>
    <ClCompile Include="assets\framebuffer.cpp">
      <Filter>Source Files</Filter>
    </ClCompile>
    <ClCompile Include="assets\material.cpp">
      <Filter>Source Files</Filter>
    </ClCompile>
    <ClCompile Include="assets\mesh.cpp">
      <Filter>Source Files</Filter>
    </ClCompile>
    <ClCompile Include="assets\model.cpp">
      <Filter>Source Files</Filter>
    </ClCompile>
    <ClCompile Include="assets\shader.cpp">
      <Filter>Source Files</Filter>
    </ClCompile>
    <ClCompile Include="assets\sound.cpp">
      <Filter>Source Files</Filter>
    </ClCompile>
    <ClCompile Include="assets\texture.cpp">
      <Filter>Source Files</Filter>
    </ClCompile>
    <ClCompile Include="components\audio_listener.cpp">
      <Filter>Source Files</Filter>
    </ClCompile>
    <ClCompile Include="components\audio_player.cpp">
      <Filter>Source Files</Filter>
    </ClCompile>
    <ClCompile Include="components\audio_reverb_zone.cpp">
      <Filter>Source Files</Filter>
    </ClCompile>
    <ClCompile Include="components\camera.cpp">
      <Filter>Source Files</Filter>
    </ClCompile>
    <ClCompile Include="components\component.cpp">
      <Filter>Source Files</Filter>
    </ClCompile>
    <ClCompile Include="components\light.cpp">
      <Filter>Source Files</Filter>
    </ClCompile>
    <ClCompile Include="components\mesh_renderer.cpp">
      <Filter>Source Files</Filter>
    </ClCompile>
    <ClCompile Include="components\renderer.cpp">
      <Filter>Source Files</Filter>
    </ClCompile>
    <ClCompile Include="components\transform.cpp">
      <Filter>Source Files</Filter>
    </ClCompile>
    <ClCompile Include="managers\assets.cpp">
      <Filter>Source Files</Filter>
    </ClCompile>
    <ClCompile Include="managers\audio.cpp">
      <Filter>Source Files</Filter>
    </ClCompile>
    <ClCompile Include="managers\input.cpp">
      <Filter>Source Files</Filter>
    </ClCompile>
    <ClCompile Include="managers\logger.cpp">
      <Filter>Source Files</Filter>
    </ClCompile>
    <ClCompile Include="managers\manager.cpp">
      <Filter>Source Files</Filter>
    </ClCompile>
    <ClCompile Include="managers\scene.cpp">
      <Filter>Source Files</Filter>
    </ClCompile>
    <ClCompile Include="managers\time.cpp">
      <Filter>Source Files</Filter>
    </ClCompile>
    <ClCompile Include="managers\video.cpp">
      <Filter>Source Files</Filter>
    </ClCompile>
    <ClCompile Include="objects\entity.cpp">
      <Filter>Source Files</Filter>
    </ClCompile>
    <ClCompile Include="system\core.cpp">
      <Filter>Source Files</Filter>
    </ClCompile>
    <ClCompile Include="stb_image.cpp">
      <Filter>Source Files</Filter>
    </ClCompile>
  </ItemGroup>
  <ItemGroup>
    <ClInclude Include="..\libs\stb\stb_image.h">
      <Filter>Header Files</Filter>
    </ClInclude>
    <ClInclude Include="assets\asset.hpp">
      <Filter>Header Files</Filter>
    </ClInclude>
    <ClInclude Include="assets\framebuffer.hpp">
      <Filter>Header Files</Filter>
    </ClInclude>
    <ClInclude Include="assets\material.hpp">
      <Filter>Header Files</Filter>
    </ClInclude>
    <ClInclude Include="assets\mesh.hpp">
      <Filter>Header Files</Filter>
    </ClInclude>
    <ClInclude Include="assets\model.hpp">
      <Filter>Header Files</Filter>
    </ClInclude>
    <ClInclude Include="assets\shader.hpp">
      <Filter>Header Files</Filter>
    </ClInclude>
    <ClInclude Include="assets\sound.hpp">
      <Filter>Header Files</Filter>
    </ClInclude>
    <ClInclude Include="assets\texture.hpp">
      <Filter>Header Files</Filter>
    </ClInclude>
    <ClInclude Include="components\audio_listener.hpp">
      <Filter>Header Files</Filter>
    </ClInclude>
    <ClInclude Include="components\audio_player.hpp">
      <Filter>Header Files</Filter>
    </ClInclude>
    <ClInclude Include="components\audio_reverb_zone.hpp">
      <Filter>Header Files</Filter>
    </ClInclude>
    <ClInclude Include="components\camera.hpp">
      <Filter>Header Files</Filter>
    </ClInclude>
    <ClInclude Include="components\component.hpp">
      <Filter>Header Files</Filter>
    </ClInclude>
    <ClInclude Include="components\light.hpp">
      <Filter>Header Files</Filter>
    </ClInclude>
    <ClInclude Include="components\mesh_renderer.hpp">
      <Filter>Header Files</Filter>
    </ClInclude>
    <ClInclude Include="components\renderer.hpp">
      <Filter>Header Files</Filter>
    </ClInclude>
    <ClInclude Include="components\transform.hpp">
      <Filter>Header Files</Filter>
    </ClInclude>
    <ClInclude Include="helpers\file_system.hpp">
      <Filter>Header Files</Filter>
    </ClInclude>
    <ClInclude Include="helpers\math.hpp">
      <Filter>Header Files</Filter>
    </ClInclude>
    <ClInclude Include="helpers\memory.hpp">
      <Filter>Header Files</Filter>
    </ClInclude>
    <ClInclude Include="helpers\strings.hpp">
      <Filter>Header Files</Filter>
    </ClInclude>
    <ClInclude Include="managers\assets.hpp">
      <Filter>Header Files</Filter>
    </ClInclude>
    <ClInclude Include="managers\audio.hpp">
      <Filter>Header Files</Filter>
    </ClInclude>
    <ClInclude Include="managers\input.hpp">
      <Filter>Header Files</Filter>
    </ClInclude>
    <ClInclude Include="managers\logger.hpp">
      <Filter>Header Files</Filter>
    </ClInclude>
    <ClInclude Include="managers\manager.hpp">
      <Filter>Header Files</Filter>
    </ClInclude>
    <ClInclude Include="managers\scene.hpp">
      <Filter>Header Files</Filter>
    </ClInclude>
    <ClInclude Include="managers\time.hpp">
      <Filter>Header Files</Filter>
    </ClInclude>
    <ClInclude Include="managers\video.hpp">
      <Filter>Header Files</Filter>
    </ClInclude>
    <ClInclude Include="objects\entity.hpp">
      <Filter>Header Files</Filter>
    </ClInclude>
    <ClInclude Include="system\core.hpp">
      <Filter>Header Files</Filter>
    </ClInclude>
    <ClInclude Include="hawk.hpp">
      <Filter>Header Files</Filter>
    </ClInclude>
  </ItemGroup>
</Project>